
Microsoft Visual Studio Solution File, Format Version 12.00
# Visual Studio Version 17
VisualStudioVersion = 17.12.35707.178
MinimumVisualStudioVersion = 10.0.40219.1
Project("{FAE04EC0-301F-11D3-BF4B-00C04F79EFBC}") = "EventEase_SizweMj", "EventEase_SizweMj\EventEase_SizweMj.csproj", "{A4B44FDE-3A6D-4508-9D0E-7AEE7DA96A14}"
EndProject
Project("{2150E333-8FDC-42A3-9474-1A3956D46DE8}") = "Solution Items", "Solution Items", "{9C89837A-6AD5-498C-9A84-6E95A21458D8}"
	ProjectSection(SolutionItems) = preProject
		.editorconfig = .editorconfig
	EndProjectSection
EndProject
Global
	GlobalSection(SolutionConfigurationPlatforms) = preSolution
		Debug|Any CPU = Debug|Any CPU
		Release|Any CPU = Release|Any CPU
	EndGlobalSection
	GlobalSection(ProjectConfigurationPlatforms) = postSolution
		{A4B44FDE-3A6D-4508-9D0E-7AEE7DA96A14}.Debug|Any CPU.ActiveCfg = Debug|Any CPU
		{A4B44FDE-3A6D-4508-9D0E-7AEE7DA96A14}.Debug|Any CPU.Build.0 = Debug|Any CPU
		{A4B44FDE-3A6D-4508-9D0E-7AEE7DA96A14}.Release|Any CPU.ActiveCfg = Release|Any CPU
		{A4B44FDE-3A6D-4508-9D0E-7AEE7DA96A14}.Release|Any CPU.Build.0 = Release|Any CPU
	EndGlobalSection
	GlobalSection(SolutionProperties) = preSolution
		HideSolutionNode = FALSE
	EndGlobalSection
EndGlobal
